
Microsoft Visual Studio Solution File, Format Version 12.00
# Visual Studio Version 16
VisualStudioVersion = 16.0.31729.503
MinimumVisualStudioVersion = 10.0.40219.1
Project("{9A19103F-16F7-4668-BE54-9A1E7A4F7556}") = "ECommerce.View", "ECommerce.View\ECommerce.View.csproj", "{0C83974E-FE3E-4000-B55F-24D7CB3CCD42}"
EndProject
Project("{9A19103F-16F7-4668-BE54-9A1E7A4F7556}") = "ECommerce.Entity", "ECommerce.Entity\ECommerce.Entity.csproj", "{8CD87545-9546-4FE9-AE19-BA71BAFF2654}"
EndProject
Project("{9A19103F-16F7-4668-BE54-9A1E7A4F7556}") = "ECommerce.Common", "ECommerce.Common\ECommerce.Common.csproj", "{B862B223-E155-475A-9238-F017A84D1B9A}"
EndProject
Project("{9A19103F-16F7-4668-BE54-9A1E7A4F7556}") = "ECommerce.Service", "ECommerce.ORM\ECommerce.Service.csproj", "{0B396F21-19EF-416A-A24E-22FABE845291}"
EndProject
Global
	GlobalSection(SolutionConfigurationPlatforms) = preSolution
		Debug|Any CPU = Debug|Any CPU
		Release|Any CPU = Release|Any CPU
	EndGlobalSection
	GlobalSection(ProjectConfigurationPlatforms) = postSolution
		{0C83974E-FE3E-4000-B55F-24D7CB3CCD42}.Debug|Any CPU.ActiveCfg = Debug|Any CPU
		{0C83974E-FE3E-4000-B55F-24D7CB3CCD42}.Debug|Any CPU.Build.0 = Debug|Any CPU
		{0C83974E-FE3E-4000-B55F-24D7CB3CCD42}.Release|Any CPU.ActiveCfg = Release|Any CPU
		{0C83974E-FE3E-4000-B55F-24D7CB3CCD42}.Release|Any CPU.Build.0 = Release|Any CPU
		{8CD87545-9546-4FE9-AE19-BA71BAFF2654}.Debug|Any CPU.ActiveCfg = Debug|Any CPU
		{8CD87545-9546-4FE9-AE19-BA71BAFF2654}.Debug|Any CPU.Build.0 = Debug|Any CPU
		{8CD87545-9546-4FE9-AE19-BA71BAFF2654}.Release|Any CPU.ActiveCfg = Release|Any CPU
		{8CD87545-9546-4FE9-AE19-BA71BAFF2654}.Release|Any CPU.Build.0 = Release|Any CPU
		{B862B223-E155-475A-9238-F017A84D1B9A}.Debug|Any CPU.ActiveCfg = Debug|Any CPU
		{B862B223-E155-475A-9238-F017A84D1B9A}.Debug|Any CPU.Build.0 = Debug|Any CPU
		{B862B223-E155-475A-9238-F017A84D1B9A}.Release|Any CPU.ActiveCfg = Release|Any CPU
		{B862B223-E155-475A-9238-F017A84D1B9A}.Release|Any CPU.Build.0 = Release|Any CPU
		{0B396F21-19EF-416A-A24E-22FABE845291}.Debug|Any CPU.ActiveCfg = Debug|Any CPU
		{0B396F21-19EF-416A-A24E-22FABE845291}.Debug|Any CPU.Build.0 = Debug|Any CPU
		{0B396F21-19EF-416A-A24E-22FABE845291}.Release|Any CPU.ActiveCfg = Release|Any CPU
		{0B396F21-19EF-416A-A24E-22FABE845291}.Release|Any CPU.Build.0 = Release|Any CPU
	EndGlobalSection
	GlobalSection(SolutionProperties) = preSolution
		HideSolutionNode = FALSE
	EndGlobalSection
	GlobalSection(ExtensibilityGlobals) = postSolution
		SolutionGuid = {ADDAD19C-68CE-4452-9BE3-D68758CDC7D0}
	EndGlobalSection
EndGlobal
